
Microsoft Visual Studio Solution File, Format Version 12.00
# Visual Studio 2013
VisualStudioVersion = 12.0.21005.1
MinimumVisualStudioVersion = 10.0.40219.1
Project("{FAE04EC0-301F-11D3-BF4B-00C04F79EFBC}") = "MyTools", "MyTools\MyTools.csproj", "{D6FE635F-18ED-4B66-95DE-843EF1D43714}"
EndProject
Project("{FAE04EC0-301F-11D3-BF4B-00C04F79EFBC}") = "ConsoleExpression", "ConsoleExpression\ConsoleExpression.csproj", "{68D13A4D-CD9A-4985-97E5-6D4D82922C68}"
EndProject
Project("{FAE04EC0-301F-11D3-BF4B-00C04F79EFBC}") = "WindowsFormsExpression", "WindowsFormsExpression\WindowsFormsExpression.csproj", "{4EA7C905-F5B2-4A2F-9F3E-D09CECB38A61}"
EndProject
Global
	GlobalSection(SolutionConfigurationPlatforms) = preSolution
		Debug|Any CPU = Debug|Any CPU
		Release|Any CPU = Release|Any CPU
	EndGlobalSection
	GlobalSection(ProjectConfigurationPlatforms) = postSolution
		{D6FE635F-18ED-4B66-95DE-843EF1D43714}.Debug|Any CPU.ActiveCfg = Debug|Any CPU
		{D6FE635F-18ED-4B66-95DE-843EF1D43714}.Debug|Any CPU.Build.0 = Debug|Any CPU
		{D6FE635F-18ED-4B66-95DE-843EF1D43714}.Release|Any CPU.ActiveCfg = Release|Any CPU
		{D6FE635F-18ED-4B66-95DE-843EF1D43714}.Release|Any CPU.Build.0 = Release|Any CPU
		{68D13A4D-CD9A-4985-97E5-6D4D82922C68}.Debug|Any CPU.ActiveCfg = Debug|Any CPU
		{68D13A4D-CD9A-4985-97E5-6D4D82922C68}.Debug|Any CPU.Build.0 = Debug|Any CPU
		{68D13A4D-CD9A-4985-97E5-6D4D82922C68}.Release|Any CPU.ActiveCfg = Release|Any CPU
		{68D13A4D-CD9A-4985-97E5-6D4D82922C68}.Release|Any CPU.Build.0 = Release|Any CPU
		{4EA7C905-F5B2-4A2F-9F3E-D09CECB38A61}.Debug|Any CPU.ActiveCfg = Debug|Any CPU
		{4EA7C905-F5B2-4A2F-9F3E-D09CECB38A61}.Debug|Any CPU.Build.0 = Debug|Any CPU
		{4EA7C905-F5B2-4A2F-9F3E-D09CECB38A61}.Release|Any CPU.ActiveCfg = Release|Any CPU
		{4EA7C905-F5B2-4A2F-9F3E-D09CECB38A61}.Release|Any CPU.Build.0 = Release|Any CPU
	EndGlobalSection
	GlobalSection(SolutionProperties) = preSolution
		HideSolutionNode = FALSE
	EndGlobalSection
EndGlobal
